
Microsoft Visual Studio Solution File, Format Version 12.00
# Visual Studio Version 16
VisualStudioVersion = 16.0.31729.503
MinimumVisualStudioVersion = 10.0.40219.1
Project("{9A19103F-16F7-4668-BE54-9A1E7A4F7556}") = "TaskToOctopus.Server", "Server\TaskToOctopus.Server.csproj", "{7FAE9B8B-C206-4393-97D2-D9702366BD82}"
EndProject
Project("{FAE04EC0-301F-11D3-BF4B-00C04F79EFBC}") = "SignalRClient", "Client\SignalRClient.csproj", "{9051592F-607A-4EA1-AD38-0BD3E1D81B31}"
EndProject
Project("{9A19103F-16F7-4668-BE54-9A1E7A4F7556}") = "TaskToOctopus.Domain", "TaskToOctopus.Domain\TaskToOctopus.Domain.csproj", "{DE81DCA3-3811-466D-AAAC-148AFE2EEBD6}"
EndProject
Project("{9A19103F-16F7-4668-BE54-9A1E7A4F7556}") = "TaskToOctopus.Persistence", "TaskToOctopus.Persistence\TaskToOctopus.Persistence.csproj", "{DA8199D8-6BA0-4D02-B35A-B7C5E79C0DBD}"
EndProject
Project("{9A19103F-16F7-4668-BE54-9A1E7A4F7556}") = "TaskToOctopus.Infrastructure", "TaskToOctopus.Infrastructure\TaskToOctopus.Infrastructure.csproj", "{43C0EF88-A3F3-4E63-9693-8CBE81439645}"
EndProject
Global
	GlobalSection(SolutionConfigurationPlatforms) = preSolution
		Debug|Any CPU = Debug|Any CPU
		Release|Any CPU = Release|Any CPU
	EndGlobalSection
	GlobalSection(ProjectConfigurationPlatforms) = postSolution
		{7FAE9B8B-C206-4393-97D2-D9702366BD82}.Debug|Any CPU.ActiveCfg = Debug|Any CPU
		{7FAE9B8B-C206-4393-97D2-D9702366BD82}.Debug|Any CPU.Build.0 = Debug|Any CPU
		{7FAE9B8B-C206-4393-97D2-D9702366BD82}.Release|Any CPU.ActiveCfg = Release|Any CPU
		{7FAE9B8B-C206-4393-97D2-D9702366BD82}.Release|Any CPU.Build.0 = Release|Any CPU
		{9051592F-607A-4EA1-AD38-0BD3E1D81B31}.Debug|Any CPU.ActiveCfg = Debug|Any CPU
		{9051592F-607A-4EA1-AD38-0BD3E1D81B31}.Debug|Any CPU.Build.0 = Debug|Any CPU
		{9051592F-607A-4EA1-AD38-0BD3E1D81B31}.Release|Any CPU.ActiveCfg = Release|Any CPU
		{9051592F-607A-4EA1-AD38-0BD3E1D81B31}.Release|Any CPU.Build.0 = Release|Any CPU
		{DE81DCA3-3811-466D-AAAC-148AFE2EEBD6}.Debug|Any CPU.ActiveCfg = Debug|Any CPU
		{DE81DCA3-3811-466D-AAAC-148AFE2EEBD6}.Debug|Any CPU.Build.0 = Debug|Any CPU
		{DE81DCA3-3811-466D-AAAC-148AFE2EEBD6}.Release|Any CPU.ActiveCfg = Release|Any CPU
		{DE81DCA3-3811-466D-AAAC-148AFE2EEBD6}.Release|Any CPU.Build.0 = Release|Any CPU
		{DA8199D8-6BA0-4D02-B35A-B7C5E79C0DBD}.Debug|Any CPU.ActiveCfg = Debug|Any CPU
		{DA8199D8-6BA0-4D02-B35A-B7C5E79C0DBD}.Debug|Any CPU.Build.0 = Debug|Any CPU
		{DA8199D8-6BA0-4D02-B35A-B7C5E79C0DBD}.Release|Any CPU.ActiveCfg = Release|Any CPU
		{DA8199D8-6BA0-4D02-B35A-B7C5E79C0DBD}.Release|Any CPU.Build.0 = Release|Any CPU
		{43C0EF88-A3F3-4E63-9693-8CBE81439645}.Debug|Any CPU.ActiveCfg = Debug|Any CPU
		{43C0EF88-A3F3-4E63-9693-8CBE81439645}.Debug|Any CPU.Build.0 = Debug|Any CPU
		{43C0EF88-A3F3-4E63-9693-8CBE81439645}.Release|Any CPU.ActiveCfg = Release|Any CPU
		{43C0EF88-A3F3-4E63-9693-8CBE81439645}.Release|Any CPU.Build.0 = Release|Any CPU
	EndGlobalSection
	GlobalSection(SolutionProperties) = preSolution
		HideSolutionNode = FALSE
	EndGlobalSection
	GlobalSection(ExtensibilityGlobals) = postSolution
		SolutionGuid = {872A75C7-6F48-4AF6-A496-5722382D7375}
	EndGlobalSection
EndGlobal
